// !$*UTF8*$!
{
	archiveVersion = 1;
	classes = {
	};
	objectVersion = 56;
	objects = {

/* Begin PBXBuildFile section */
		921F8F022AFAC703008AAFC8 /* PokemonModel.swift in Sources */ = {isa = PBXBuildFile; fileRef = 921F8F012AFAC703008AAFC8 /* PokemonModel.swift */; };
		921F8F042AFAC72C008AAFC8 /* PokemonSelected.swift in Sources */ = {isa = PBXBuildFile; fileRef = 921F8F032AFAC72C008AAFC8 /* PokemonSelected.swift */; };
		929689C42AFAAE6900D455F9 /* PokeView.swift in Sources */ = {isa = PBXBuildFile; fileRef = 929689C32AFAAE6900D455F9 /* PokeView.swift */; };
		929689C62AFAB48A00D455F9 /* PokeCell.swift in Sources */ = {isa = PBXBuildFile; fileRef = 929689C52AFAB48A00D455F9 /* PokeCell.swift */; };
		929689C92AFAC47000D455F9 /* SDWebImage in Frameworks */ = {isa = PBXBuildFile; productRef = 929689C82AFAC47000D455F9 /* SDWebImage */; };
		92D8FEC42AFA97B000CD0531 /* AppDelegate.swift in Sources */ = {isa = PBXBuildFile; fileRef = 92D8FEC32AFA97B000CD0531 /* AppDelegate.swift */; };
		92D8FEC62AFA97B000CD0531 /* SceneDelegate.swift in Sources */ = {isa = PBXBuildFile; fileRef = 92D8FEC52AFA97B000CD0531 /* SceneDelegate.swift */; };
		92D8FEC82AFA97B000CD0531 /* ViewController.swift in Sources */ = {isa = PBXBuildFile; fileRef = 92D8FEC72AFA97B000CD0531 /* ViewController.swift */; };
		92D8FECD2AFA97B100CD0531 /* Assets.xcassets in Resources */ = {isa = PBXBuildFile; fileRef = 92D8FECC2AFA97B100CD0531 /* Assets.xcassets */; };
		92D8FED02AFA97B100CD0531 /* LaunchScreen.storyboard in Resources */ = {isa = PBXBuildFile; fileRef = 92D8FECE2AFA97B100CD0531 /* LaunchScreen.storyboard */; };
		92D8FED92AFA998700CD0531 /* Service.swift in Sources */ = {isa = PBXBuildFile; fileRef = 92D8FED82AFA998700CD0531 /* Service.swift */; };
		92D8FEDB2AFA9A1400CD0531 /* PokeResult.swift in Sources */ = {isa = PBXBuildFile; fileRef = 92D8FEDA2AFA9A1400CD0531 /* PokeResult.swift */; };
/* End PBXBuildFile section */

/* Begin PBXFileReference section */
		921F8F012AFAC703008AAFC8 /* PokemonModel.swift */ = {isa = PBXFileReference; lastKnownFileType = sourcecode.swift; path = PokemonModel.swift; sourceTree = "<group>"; };
		921F8F032AFAC72C008AAFC8 /* PokemonSelected.swift */ = {isa = PBXFileReference; lastKnownFileType = sourcecode.swift; path = PokemonSelected.swift; sourceTree = "<group>"; };
		929689C32AFAAE6900D455F9 /* PokeView.swift */ = {isa = PBXFileReference; lastKnownFileType = sourcecode.swift; path = PokeView.swift; sourceTree = "<group>"; };
		929689C52AFAB48A00D455F9 /* PokeCell.swift */ = {isa = PBXFileReference; lastKnownFileType = sourcecode.swift; path = PokeCell.swift; sourceTree = "<group>"; };
		92D8FEC02AFA97B000CD0531 /* PokeAPI.app */ = {isa = PBXFileReference; explicitFileType = wrapper.application; includeInIndex = 0; path = PokeAPI.app; sourceTree = BUILT_PRODUCTS_DIR; };
		92D8FEC32AFA97B000CD0531 /* AppDelegate.swift */ = {isa = PBXFileReference; lastKnownFileType = sourcecode.swift; path = AppDelegate.swift; sourceTree = "<group>"; };
		92D8FEC52AFA97B000CD0531 /* SceneDelegate.swift */ = {isa = PBXFileReference; lastKnownFileType = sourcecode.swift; path = SceneDelegate.swift; sourceTree = "<group>"; };
		92D8FEC72AFA97B000CD0531 /* ViewController.swift */ = {isa = PBXFileReference; lastKnownFileType = sourcecode.swift; path = ViewController.swift; sourceTree = "<group>"; };
		92D8FECC2AFA97B100CD0531 /* Assets.xcassets */ = {isa = PBXFileReference; lastKnownFileType = folder.assetcatalog; path = Assets.xcassets; sourceTree = "<group>"; };
		92D8FECF2AFA97B100CD0531 /* Base */ = {isa = PBXFileReference; lastKnownFileType = file.storyboard; name = Base; path = Base.lproj/LaunchScreen.storyboard; sourceTree = "<group>"; };
		92D8FED12AFA97B100CD0531 /* Info.plist */ = {isa = PBXFileReference; lastKnownFileType = text.plist.xml; path = Info.plist; sourceTree = "<group>"; };
		92D8FED82AFA998700CD0531 /* Service.swift */ = {isa = PBXFileReference; lastKnownFileType = sourcecode.swift; path = Service.swift; sourceTree = "<group>"; };
		92D8FEDA2AFA9A1400CD0531 /* PokeResult.swift */ = {isa = PBXFileReference; lastKnownFileType = sourcecode.swift; path = PokeResult.swift; sourceTree = "<group>"; };
/* End PBXFileReference section */

/* Begin PBXFrameworksBuildPhase section */
		92D8FEBD2AFA97B000CD0531 /* Frameworks */ = {
			isa = PBXFrameworksBuildPhase;
			buildActionMask = 2147483647;
			files = (
				929689C92AFAC47000D455F9 /* SDWebImage in Frameworks */,
			);
			runOnlyForDeploymentPostprocessing = 0;
		};
/* End PBXFrameworksBuildPhase section */

/* Begin PBXGroup section */
		92D8FEB72AFA97B000CD0531 = {
			isa = PBXGroup;
			children = (
				92D8FEC22AFA97B000CD0531 /* PokeAPI */,
				92D8FEC12AFA97B000CD0531 /* Products */,
			);
			sourceTree = "<group>";
		};
		92D8FEC12AFA97B000CD0531 /* Products */ = {
			isa = PBXGroup;
			children = (
				92D8FEC02AFA97B000CD0531 /* PokeAPI.app */,
			);
			name = Products;
			sourceTree = "<group>";
		};
		92D8FEC22AFA97B000CD0531 /* PokeAPI */ = {
			isa = PBXGroup;
			children = (
				92D8FED72AFA992500CD0531 /* Resources */,
				92D8FED82AFA998700CD0531 /* Service.swift */,
				921F8F032AFAC72C008AAFC8 /* PokemonSelected.swift */,
				921F8F012AFAC703008AAFC8 /* PokemonModel.swift */,
				92D8FEDA2AFA9A1400CD0531 /* PokeResult.swift */,
				92D8FEC72AFA97B000CD0531 /* ViewController.swift */,
				929689C32AFAAE6900D455F9 /* PokeView.swift */,
				929689C52AFAB48A00D455F9 /* PokeCell.swift */,
				92D8FED12AFA97B100CD0531 /* Info.plist */,
			);
			path = PokeAPI;
			sourceTree = "<group>";
		};
		92D8FED72AFA992500CD0531 /* Resources */ = {
			isa = PBXGroup;
			children = (
				92D8FEC32AFA97B000CD0531 /* AppDelegate.swift */,
				92D8FEC52AFA97B000CD0531 /* SceneDelegate.swift */,
				92D8FECC2AFA97B100CD0531 /* Assets.xcassets */,
				92D8FECE2AFA97B100CD0531 /* LaunchScreen.storyboard */,
			);
			path = Resources;
			sourceTree = "<group>";
		};
/* End PBXGroup section */

/* Begin PBXNativeTarget section */
		92D8FEBF2AFA97B000CD0531 /* PokeAPI */ = {
			isa = PBXNativeTarget;
			buildConfigurationList = 92D8FED42AFA97B100CD0531 /* Build configuration list for PBXNativeTarget "PokeAPI" */;
			buildPhases = (
				92D8FEBC2AFA97B000CD0531 /* Sources */,
				92D8FEBD2AFA97B000CD0531 /* Frameworks */,
				92D8FEBE2AFA97B000CD0531 /* Resources */,
			);
			buildRules = (
			);
			dependencies = (
			);
			name = PokeAPI;
			packageProductDependencies = (
				929689C82AFAC47000D455F9 /* SDWebImage */,
			);
			productName = PokeAPI;
			productReference = 92D8FEC02AFA97B000CD0531 /* PokeAPI.app */;
			productType = "com.apple.product-type.application";
		};
/* End PBXNativeTarget section */

/* Begin PBXProject section */
		92D8FEB82AFA97B000CD0531 /* Project object */ = {
			isa = PBXProject;
			attributes = {
				BuildIndependentTargetsInParallel = 1;
				LastSwiftUpdateCheck = 1500;
				LastUpgradeCheck = 1500;
				TargetAttributes = {
					92D8FEBF2AFA97B000CD0531 = {
						CreatedOnToolsVersion = 15.0;
					};
				};
			};
			buildConfigurationList = 92D8FEBB2AFA97B000CD0531 /* Build configuration list for PBXProject "PokeAPI" */;
			compatibilityVersion = "Xcode 14.0";
			developmentRegion = en;
			hasScannedForEncodings = 0;
			knownRegions = (
				en,
				Base,
			);
			mainGroup = 92D8FEB72AFA97B000CD0531;
			packageReferences = (
				929689C72AFAC47000D455F9 /* XCRemoteSwiftPackageReference "SDWebImage" */,
			);
			productRefGroup = 92D8FEC12AFA97B000CD0531 /* Products */;
			projectDirPath = "";
			projectRoot = "";
			targets = (
				92D8FEBF2AFA97B000CD0531 /* PokeAPI */,
			);
		};
/* End PBXProject section */

/* Begin PBXResourcesBuildPhase section */
		92D8FEBE2AFA97B000CD0531 /* Resources */ = {
			isa = PBXResourcesBuildPhase;
			buildActionMask = 2147483647;
			files = (
				92D8FED02AFA97B100CD0531 /* LaunchScreen.storyboard in Resources */,
				92D8FECD2AFA97B100CD0531 /* Assets.xcassets in Resources */,
			);
			runOnlyForDeploymentPostprocessing = 0;
		};
/* End PBXResourcesBuildPhase section */

/* Begin PBXSourcesBuildPhase section */
		92D8FEBC2AFA97B000CD0531 /* Sources */ = {
			isa = PBXSourcesBuildPhase;
			buildActionMask = 2147483647;
			files = (
				929689C42AFAAE6900D455F9 /* PokeView.swift in Sources */,
				92D8FEC82AFA97B000CD0531 /* ViewController.swift in Sources */,
				921F8F042AFAC72C008AAFC8 /* PokemonSelected.swift in Sources */,
				92D8FED92AFA998700CD0531 /* Service.swift in Sources */,
				92D8FEC42AFA97B000CD0531 /* AppDelegate.swift in Sources */,
				92D8FEC62AFA97B000CD0531 /* SceneDelegate.swift in Sources */,
				929689C62AFAB48A00D455F9 /* PokeCell.swift in Sources */,
				92D8FEDB2AFA9A1400CD0531 /* PokeResult.swift in Sources */,
				921F8F022AFAC703008AAFC8 /* PokemonModel.swift in Sources */,
			);
			runOnlyForDeploymentPostprocessing = 0;
		};
/* End PBXSourcesBuildPhase section */

/* Begin PBXVariantGroup section */
		92D8FECE2AFA97B100CD0531 /* LaunchScreen.storyboard */ = {
			isa = PBXVariantGroup;
			children = (
				92D8FECF2AFA97B100CD0531 /* Base */,
			);
			name = LaunchScreen.storyboard;
			sourceTree = "<group>";
		};
/* End PBXVariantGroup section */

/* Begin XCBuildConfiguration section */
		92D8FED22AFA97B100CD0531 /* Debug */ = {
			isa = XCBuildConfiguration;
			buildSettings = {
				ALWAYS_SEARCH_USER_PATHS = NO;
				ASSETCATALOG_COMPILER_GENERATE_SWIFT_ASSET_SYMBOL_EXTENSIONS = YES;
				CLANG_ANALYZER_NONNULL = YES;
				CLANG_ANALYZER_NUMBER_OBJECT_CONVERSION = YES_AGGRESSIVE;
				CLANG_CXX_LANGUAGE_STANDARD = "gnu++20";
				CLANG_ENABLE_MODULES = YES;
				CLANG_ENABLE_OBJC_ARC = YES;
				CLANG_ENABLE_OBJC_WEAK = YES;
				CLANG_WARN_BLOCK_CAPTURE_AUTORELEASING = YES;
				CLANG_WARN_BOOL_CONVERSION = YES;
				CLANG_WARN_COMMA = YES;
				CLANG_WARN_CONSTANT_CONVERSION = YES;
				CLANG_WARN_DEPRECATED_OBJC_IMPLEMENTATIONS = YES;
				CLANG_WARN_DIRECT_OBJC_ISA_USAGE = YES_ERROR;
				CLANG_WARN_DOCUMENTATION_COMMENTS = YES;
				CLANG_WARN_EMPTY_BODY = YES;
				CLANG_WARN_ENUM_CONVERSION = YES;
				CLANG_WARN_INFINITE_RECURSION = YES;
				CLANG_WARN_INT_CONVERSION = YES;
				CLANG_WARN_NON_LITERAL_NULL_CONVERSION = YES;
				CLANG_WARN_OBJC_IMPLICIT_RETAIN_SELF = YES;
				CLANG_WARN_OBJC_LITERAL_CONVERSION = YES;
				CLANG_WARN_OBJC_ROOT_CLASS = YES_ERROR;
				CLANG_WARN_QUOTED_INCLUDE_IN_FRAMEWORK_HEADER = YES;
				CLANG_WARN_RANGE_LOOP_ANALYSIS = YES;
				CLANG_WARN_STRICT_PROTOTYPES = YES;
				CLANG_WARN_SUSPICIOUS_MOVE = YES;
				CLANG_WARN_UNGUARDED_AVAILABILITY = YES_AGGRESSIVE;
				CLANG_WARN_UNREACHABLE_CODE = YES;
				CLANG_WARN__DUPLICATE_METHOD_MATCH = YES;
				COPY_PHASE_STRIP = NO;
				DEBUG_INFORMATION_FORMAT = dwarf;
				ENABLE_STRICT_OBJC_MSGSEND = YES;
				ENABLE_TESTABILITY = YES;
				ENABLE_USER_SCRIPT_SANDBOXING = YES;
				GCC_C_LANGUAGE_STANDARD = gnu17;
				GCC_DYNAMIC_NO_PIC = NO;
				GCC_NO_COMMON_BLOCKS = YES;
				GCC_OPTIMIZATION_LEVEL = 0;
				GCC_PREPROCESSOR_DEFINITIONS = (
					"DEBUG=1",
					"$(inherited)",
				);
				GCC_WARN_64_TO_32_BIT_CONVERSION = YES;
				GCC_WARN_ABOUT_RETURN_TYPE = YES_ERROR;
				GCC_WARN_UNDECLARED_SELECTOR = YES;
				GCC_WARN_UNINITIALIZED_AUTOS = YES_AGGRESSIVE;
				GCC_WARN_UNUSED_FUNCTION = YES;
				GCC_WARN_UNUSED_VARIABLE = YES;
				IPHONEOS_DEPLOYMENT_TARGET = 17.0;
				LOCALIZATION_PREFERS_STRING_CATALOGS = YES;
				MTL_ENABLE_DEBUG_INFO = INCLUDE_SOURCE;
				MTL_FAST_MATH = YES;
				ONLY_ACTIVE_ARCH = YES;
				SDKROOT = iphoneos;
				SWIFT_ACTIVE_COMPILATION_CONDITIONS = "DEBUG $(inherited)";
				SWIFT_OPTIMIZATION_LEVEL = "-Onone";
			};
			name = Debug;
		};
		92D8FED32AFA97B100CD0531 /* Release */ = {
			isa = XCBuildConfiguration;
			buildSettings = {
				ALWAYS_SEARCH_USER_PATHS = NO;
				ASSETCATALOG_COMPILER_GENERATE_SWIFT_ASSET_SYMBOL_EXTENSIONS = YES;
				CLANG_ANALYZER_NONNULL = YES;
				CLANG_ANALYZER_NUMBER_OBJECT_CONVERSION = YES_AGGRESSIVE;
				CLANG_CXX_LANGUAGE_STANDARD = "gnu++20";
				CLANG_ENABLE_MODULES = YES;
				CLANG_ENABLE_OBJC_ARC = YES;
				CLANG_ENABLE_OBJC_WEAK = YES;
				CLANG_WARN_BLOCK_CAPTURE_AUTORELEASING = YES;
				CLANG_WARN_BOOL_CONVERSION = YES;
				CLANG_WARN_COMMA = YES;
				CLANG_WARN_CONSTANT_CONVERSION = YES;
				CLANG_WARN_DEPRECATED_OBJC_IMPLEMENTATIONS = YES;
				CLANG_WARN_DIRECT_OBJC_ISA_USAGE = YES_ERROR;
				CLANG_WARN_DOCUMENTATION_COMMENTS = YES;
				CLANG_WARN_EMPTY_BODY = YES;
				CLANG_WARN_ENUM_CONVERSION = YES;
				CLANG_WARN_INFINITE_RECURSION = YES;
				CLANG_WARN_INT_CONVERSION = YES;
				CLANG_WARN_NON_LITERAL_NULL_CONVERSION = YES;
				CLANG_WARN_OBJC_IMPLICIT_RETAIN_SELF = YES;
				CLANG_WARN_OBJC_LITERAL_CONVERSION = YES;
				CLANG_WARN_OBJC_ROOT_CLASS = YES_ERROR;
				CLANG_WARN_QUOTED_INCLUDE_IN_FRAMEWORK_HEADER = YES;
				CLANG_WARN_RANGE_LOOP_ANALYSIS = YES;
				CLANG_WARN_STRICT_PROTOTYPES = YES;
				CLANG_WARN_SUSPICIOUS_MOVE = YES;
				CLANG_WARN_UNGUARDED_AVAILABILITY = YES_AGGRESSIVE;
				CLANG_WARN_UNREACHABLE_CODE = YES;
				CLANG_WARN__DUPLICATE_METHOD_MATCH = YES;
				COPY_PHASE_STRIP = NO;
				DEBUG_INFORMATION_FORMAT = "dwarf-with-dsym";
				ENABLE_NS_ASSERTIONS = NO;
				ENABLE_STRICT_OBJC_MSGSEND = YES;
				ENABLE_USER_SCRIPT_SANDBOXING = YES;
				GCC_C_LANGUAGE_STANDARD = gnu17;
				GCC_NO_COMMON_BLOCKS = YES;
				GCC_WARN_64_TO_32_BIT_CONVERSION = YES;
				GCC_WARN_ABOUT_RETURN_TYPE = YES_ERROR;
				GCC_WARN_UNDECLARED_SELECTOR = YES;
				GCC_WARN_UNINITIALIZED_AUTOS = YES_AGGRESSIVE;
				GCC_WARN_UNUSED_FUNCTION = YES;
				GCC_WARN_UNUSED_VARIABLE = YES;
				IPHONEOS_DEPLOYMENT_TARGET = 17.0;
				LOCALIZATION_PREFERS_STRING_CATALOGS = YES;
				MTL_ENABLE_DEBUG_INFO = NO;
				MTL_FAST_MATH = YES;
				SDKROOT = iphoneos;
				SWIFT_COMPILATION_MODE = wholemodule;
				VALIDATE_PRODUCT = YES;
			};
			name = Release;
		};
		92D8FED52AFA97B100CD0531 /* Debug */ = {
			isa = XCBuildConfiguration;
			buildSettings = {
				ASSETCATALOG_COMPILER_APPICON_NAME = AppIcon;
				ASSETCATALOG_COMPILER_GLOBAL_ACCENT_COLOR_NAME = AccentColor;
				CODE_SIGN_STYLE = Automatic;
				CURRENT_PROJECT_VERSION = 1;
				DEVELOPMENT_TEAM = 57HYQW6DAG;
				GENERATE_INFOPLIST_FILE = YES;
				INFOPLIST_FILE = PokeAPI/Info.plist;
				INFOPLIST_KEY_UIApplicationSupportsIndirectInputEvents = YES;
				INFOPLIST_KEY_UILaunchStoryboardName = LaunchScreen;
				INFOPLIST_KEY_UISupportedInterfaceOrientations = UIInterfaceOrientationPortrait;
				INFOPLIST_KEY_UISupportedInterfaceOrientations_iPad = "UIInterfaceOrientationLandscapeLeft UIInterfaceOrientationLandscapeRight UIInterfaceOrientationPortrait UIInterfaceOrientationPortraitUpsideDown";
				LD_RUNPATH_SEARCH_PATHS = (
					"$(inherited)",
					"@executable_path/Frameworks",
				);
				MARKETING_VERSION = 1.0;
				PRODUCT_BUNDLE_IDENTIFIER = com.diggosilva.PokeAPI;
				PRODUCT_NAME = "$(TARGET_NAME)";
				SWIFT_EMIT_LOC_STRINGS = YES;
				SWIFT_VERSION = 5.0;
				TARGETED_DEVICE_FAMILY = "1,2";
			};
			name = Debug;
		};
		92D8FED62AFA97B100CD0531 /* Release */ = {
			isa = XCBuildConfiguration;
			buildSettings = {
				ASSETCATALOG_COMPILER_APPICON_NAME = AppIcon;
				ASSETCATALOG_COMPILER_GLOBAL_ACCENT_COLOR_NAME = AccentColor;
				CODE_SIGN_STYLE = Automatic;
				CURRENT_PROJECT_VERSION = 1;
				DEVELOPMENT_TEAM = 57HYQW6DAG;
				GENERATE_INFOPLIST_FILE = YES;
				INFOPLIST_FILE = PokeAPI/Info.plist;
				INFOPLIST_KEY_UIApplicationSupportsIndirectInputEvents = YES;
				INFOPLIST_KEY_UILaunchStoryboardName = LaunchScreen;
				INFOPLIST_KEY_UISupportedInterfaceOrientations = UIInterfaceOrientationPortrait;
				INFOPLIST_KEY_UISupportedInterfaceOrientations_iPad = "UIInterfaceOrientationLandscapeLeft UIInterfaceOrientationLandscapeRight UIInterfaceOrientationPortrait UIInterfaceOrientationPortraitUpsideDown";
				LD_RUNPATH_SEARCH_PATHS = (
					"$(inherited)",
					"@executable_path/Frameworks",
				);
				MARKETING_VERSION = 1.0;
				PRODUCT_BUNDLE_IDENTIFIER = com.diggosilva.PokeAPI;
				PRODUCT_NAME = "$(TARGET_NAME)";
				SWIFT_EMIT_LOC_STRINGS = YES;
				SWIFT_VERSION = 5.0;
				TARGETED_DEVICE_FAMILY = "1,2";
			};
			name = Release;
		};
/* End XCBuildConfiguration section */

/* Begin XCConfigurationList section */
		92D8FEBB2AFA97B000CD0531 /* Build configuration list for PBXProject "PokeAPI" */ = {
			isa = XCConfigurationList;
			buildConfigurations = (
				92D8FED22AFA97B100CD0531 /* Debug */,
				92D8FED32AFA97B100CD0531 /* Release */,
			);
			defaultConfigurationIsVisible = 0;
			defaultConfigurationName = Release;
		};
		92D8FED42AFA97B100CD0531 /* Build configuration list for PBXNativeTarget "PokeAPI" */ = {
			isa = XCConfigurationList;
			buildConfigurations = (
				92D8FED52AFA97B100CD0531 /* Debug */,
				92D8FED62AFA97B100CD0531 /* Release */,
			);
			defaultConfigurationIsVisible = 0;
			defaultConfigurationName = Release;
		};
/* End XCConfigurationList section */

/* Begin XCRemoteSwiftPackageReference section */
		929689C72AFAC47000D455F9 /* XCRemoteSwiftPackageReference "SDWebImage" */ = {
			isa = XCRemoteSwiftPackageReference;
			repositoryURL = "https://github.com/SDWebImage/SDWebImage.git";
			requirement = {
				kind = upToNextMajorVersion;
				minimumVersion = 5.18.4;
			};
		};
/* End XCRemoteSwiftPackageReference section */

/* Begin XCSwiftPackageProductDependency section */
		929689C82AFAC47000D455F9 /* SDWebImage */ = {
			isa = XCSwiftPackageProductDependency;
			package = 929689C72AFAC47000D455F9 /* XCRemoteSwiftPackageReference "SDWebImage" */;
			productName = SDWebImage;
		};
/* End XCSwiftPackageProductDependency section */
	};
	rootObject = 92D8FEB82AFA97B000CD0531 /* Project object */;
}
